
Microsoft Visual Studio Solution File, Format Version 12.00
# Visual Studio 15
Project("{FAE04EC0-301F-11D3-BF4B-00C04F79EFBC}") = "WebUpdateFromGit", "WebUpdateFromGit\WebUpdateFromGit.csproj", "{E71B72A7-404D-48B4-94EE-5C190CD52849}"
EndProject
Project("{FAE04EC0-301F-11D3-BF4B-00C04F79EFBC}") = "ConsolePublishTest", "ConsolePublishTest\ConsolePublishTest.csproj", "{C5ACEDC3-3F94-402F-A0AB-A559D97DF648}"
EndProject
Project("{FAE04EC0-301F-11D3-BF4B-00C04F79EFBC}") = "ClassLibPublishTest", "ClassLibPublishTest\ClassLibPublishTest.csproj", "{9440EC76-A66E-4ACE-A1AA-1258023479D9}"
EndProject
Global
	GlobalSection(SolutionConfigurationPlatforms) = preSolution
		Debug|Any CPU = Debug|Any CPU
		Release|Any CPU = Release|Any CPU
	EndGlobalSection
	GlobalSection(ProjectConfigurationPlatforms) = postSolution
		{E71B72A7-404D-48B4-94EE-5C190CD52849}.Debug|Any CPU.ActiveCfg = Debug|Any CPU
		{E71B72A7-404D-48B4-94EE-5C190CD52849}.Debug|Any CPU.Build.0 = Debug|Any CPU
		{E71B72A7-404D-48B4-94EE-5C190CD52849}.Release|Any CPU.ActiveCfg = Release|Any CPU
		{E71B72A7-404D-48B4-94EE-5C190CD52849}.Release|Any CPU.Build.0 = Release|Any CPU
		{C5ACEDC3-3F94-402F-A0AB-A559D97DF648}.Debug|Any CPU.ActiveCfg = Debug|Any CPU
		{C5ACEDC3-3F94-402F-A0AB-A559D97DF648}.Debug|Any CPU.Build.0 = Debug|Any CPU
		{C5ACEDC3-3F94-402F-A0AB-A559D97DF648}.Release|Any CPU.ActiveCfg = Release|Any CPU
		{C5ACEDC3-3F94-402F-A0AB-A559D97DF648}.Release|Any CPU.Build.0 = Release|Any CPU
		{9440EC76-A66E-4ACE-A1AA-1258023479D9}.Debug|Any CPU.ActiveCfg = Debug|Any CPU
		{9440EC76-A66E-4ACE-A1AA-1258023479D9}.Debug|Any CPU.Build.0 = Debug|Any CPU
		{9440EC76-A66E-4ACE-A1AA-1258023479D9}.Release|Any CPU.ActiveCfg = Release|Any CPU
		{9440EC76-A66E-4ACE-A1AA-1258023479D9}.Release|Any CPU.Build.0 = Release|Any CPU
	EndGlobalSection
EndGlobal
