
Microsoft Visual Studio Solution File, Format Version 12.00
# Visual Studio 15
VisualStudioVersion = 15.0.28010.2003
MinimumVisualStudioVersion = 10.0.40219.1
Project("{FAE04EC0-301F-11D3-BF4B-00C04F79EFBC}") = "LibmanTest01", "LibmanTest01\LibmanTest01.csproj", "{93ED261D-7288-4E99-B9AF-3C8E9BA8ECAE}"
EndProject
Global
	GlobalSection(SolutionConfigurationPlatforms) = preSolution
		Debug|Any CPU = Debug|Any CPU
		Release|Any CPU = Release|Any CPU
	EndGlobalSection
	GlobalSection(ProjectConfigurationPlatforms) = postSolution
		{93ED261D-7288-4E99-B9AF-3C8E9BA8ECAE}.Debug|Any CPU.ActiveCfg = Debug|Any CPU
		{93ED261D-7288-4E99-B9AF-3C8E9BA8ECAE}.Debug|Any CPU.Build.0 = Debug|Any CPU
		{93ED261D-7288-4E99-B9AF-3C8E9BA8ECAE}.Release|Any CPU.ActiveCfg = Release|Any CPU
		{93ED261D-7288-4E99-B9AF-3C8E9BA8ECAE}.Release|Any CPU.Build.0 = Release|Any CPU
	EndGlobalSection
	GlobalSection(SolutionProperties) = preSolution
		HideSolutionNode = FALSE
	EndGlobalSection
	GlobalSection(ExtensibilityGlobals) = postSolution
		SolutionGuid = {25FBEBE9-B820-407A-8784-879A7249A0B4}
	EndGlobalSection
EndGlobal
