
Microsoft Visual Studio Solution File, Format Version 12.00
# Visual Studio 15
Project("{F2A71F9B-5D33-465A-A702-920D77279786}") = "MvcFSharp", "MvcFSharp.fsproj", "{F4B368F9-F4D1-4648-99F9-1AA988C9266B}"
EndProject
Global
	GlobalSection(SolutionConfigurationPlatforms) = preSolution
		Debug|Any CPU = Debug|Any CPU
		Release|Any CPU = Release|Any CPU
	EndGlobalSection
	GlobalSection(ProjectConfigurationPlatforms) = postSolution
		{F4B368F9-F4D1-4648-99F9-1AA988C9266B}.Debug|Any CPU.ActiveCfg = Debug|Any CPU
		{F4B368F9-F4D1-4648-99F9-1AA988C9266B}.Debug|Any CPU.Build.0 = Debug|Any CPU
		{F4B368F9-F4D1-4648-99F9-1AA988C9266B}.Release|Any CPU.ActiveCfg = Release|Any CPU
		{F4B368F9-F4D1-4648-99F9-1AA988C9266B}.Release|Any CPU.Build.0 = Release|Any CPU
	EndGlobalSection
EndGlobal
