
Microsoft Visual Studio Solution File, Format Version 12.00
# Visual Studio 15
VisualStudioVersion = 15.0.28010.2046
MinimumVisualStudioVersion = 10.0.40219.1
Project("{E24C65DC-7377-472B-9ABA-BC803B73C61A}") = "RazorWebSite1", "RazorWebSite1\", "{751C528A-9860-44AF-922D-B48B81452C63}"
	ProjectSection(WebsiteProperties) = preProject
		TargetFrameworkMoniker = ".NETFramework,Version%3Dv4.6.1"
		Debug.AspNetCompiler.VirtualPath = "/localhost_64477"
		Debug.AspNetCompiler.PhysicalPath = "RazorWebSite1\"
		Debug.AspNetCompiler.TargetPath = "PrecompiledWeb\localhost_64477\"
		Debug.AspNetCompiler.Updateable = "true"
		Debug.AspNetCompiler.ForceOverwrite = "true"
		Debug.AspNetCompiler.FixedNames = "false"
		Debug.AspNetCompiler.Debug = "True"
		Release.AspNetCompiler.VirtualPath = "/localhost_64477"
		Release.AspNetCompiler.PhysicalPath = "RazorWebSite1\"
		Release.AspNetCompiler.TargetPath = "PrecompiledWeb\localhost_64477\"
		Release.AspNetCompiler.Updateable = "true"
		Release.AspNetCompiler.ForceOverwrite = "true"
		Release.AspNetCompiler.FixedNames = "false"
		Release.AspNetCompiler.Debug = "False"
		VWDPort = "64477"
		SlnRelativePath = "RazorWebSite1\"
		DefaultWebSiteLanguage = "Visual C#"
	EndProjectSection
EndProject
Global
	GlobalSection(SolutionConfigurationPlatforms) = preSolution
		Debug|Any CPU = Debug|Any CPU
	EndGlobalSection
	GlobalSection(ProjectConfigurationPlatforms) = postSolution
		{751C528A-9860-44AF-922D-B48B81452C63}.Debug|Any CPU.ActiveCfg = Debug|Any CPU
		{751C528A-9860-44AF-922D-B48B81452C63}.Debug|Any CPU.Build.0 = Debug|Any CPU
	EndGlobalSection
	GlobalSection(SolutionProperties) = preSolution
		HideSolutionNode = FALSE
	EndGlobalSection
	GlobalSection(ExtensibilityGlobals) = postSolution
		SolutionGuid = {6383298B-72C2-4B13-B2C3-A5CC5EAF2E72}
	EndGlobalSection
EndGlobal
